[[package]]
category = "dev"
description = "Async http client/server framework (asyncio)"
name = "aiohttp"
optional = false
platform = "*"
python-versions = ">=3.5.3"
version = "3.4.4"

[package.dependencies]
async-timeout = ">=3.0,<4.0"
attrs = ">=17.3.0"
chardet = ">=2.0,<4.0"
multidict = ">=4.0,<5.0"
yarl = ">=1.0,<2.0"

[package.dependencies.idna-ssl]
python = "<3.7"
version = ">=1.0"

[[package]]
category = "dev"
description = "An abstract syntax tree for Python with inference support."
name = "astroid"
optional = false
platform = "*"
python-versions = ">=3.4.*"
version = "2.0.4"

[package.dependencies]
lazy-object-proxy = "*"
six = "*"
wrapt = "*"

[package.dependencies.typed-ast]
python = "<3.7"
version = "*"

[[package]]
category = "dev"
description = "Timeout context manager for asyncio programs"
name = "async-timeout"
optional = false
platform = "*"
python-versions = ">=3.5.3"
version = "3.0.0"

[[package]]
category = "dev"
description = "Atomic file writes."
name = "atomicwrites"
optional = false
platform = "*"
python-versions = ">=2.7, !=3.0.*, !=3.1.*, !=3.2.*, !=3.3.*"
version = "1.2.1"

[[package]]
category = "main"
description = "Classes Without Boilerplate"
name = "attrs"
optional = false
platform = "*"
python-versions = "*"
version = "18.2.0"

[[package]]
category = "main"
description = "Self-service finite-state machines for the programmer on the go."
name = "automat"
optional = false
platform = "*"
python-versions = "*"
version = "0.7.0"

[package.dependencies]
attrs = ">=16.1.0"
six = "*"

[[package]]
category = "dev"
description = "A tool that automatically formats Python code to conform to the PEP 8 style guide"
name = "autopep8"
optional = false
platform = "*"
python-versions = "*"
version = "1.4"

[package.dependencies]
pycodestyle = ">=2.3"

[[package]]
category = "dev"
description = "An easy safelist-based HTML-sanitizing tool."
name = "bleach"
optional = false
platform = "*"
python-versions = ">=2.7, !=3.0.*, !=3.1.*, !=3.2.*, !=3.3.*"
version = "2.1.4"

[package.dependencies]
html5lib = ">=0.99999999pre,<1.0b1 || >1.0b1,<1.0b2 || >1.0b2,<1.0b3 || >1.0b3,<1.0b4 || >1.0b4,<1.0b5 || >1.0b5,<1.0b6 || >1.0b6,<1.0b7 || >1.0b7,<1.0b8 || >1.0b8"
six = "*"

[[package]]
category = "main"
description = "Version-bump your software with a single command!"
name = "bump2version"
optional = false
platform = "*"
python-versions = "*"
version = "0.5.10"

[[package]]
category = "dev"
description = "httplib2 caching for requests"
name = "cachecontrol"
optional = false
platform = "*"
python-versions = ">=2.7, !=3.0.*, !=3.1.*, !=3.2.*, !=3.3.*"
version = "0.12.5"

[package.dependencies]
msgpack = "*"
requests = "*"

[[package]]
category = "dev"
description = "Cachy provides a simple yet effective caching library."
name = "cachy"
optional = false
platform = "*"
python-versions = ">=2.7, !=3.0.*, !=3.1.*, !=3.2.*, !=3.3.*"
version = "0.2.0"

[[package]]
category = "dev"
description = "Python package for providing Mozilla's CA Bundle."
name = "certifi"
optional = false
platform = "*"
python-versions = "*"
version = "2018.8.24"

[[package]]
category = "dev"
description = "Foreign Function Interface for Python calling C code."
name = "cffi"
optional = false
platform = "*"
python-versions = "*"
version = "1.11.5"

[package.dependencies]
pycparser = "*"

[[package]]
category = "dev"
description = "Universal encoding detector for Python 2 and 3"
name = "chardet"
optional = false
platform = "*"
python-versions = "*"
version = "3.0.4"

[[package]]
category = "dev"
description = "Cleo allows you to create beautiful and testable command-line interfaces."
name = "cleo"
optional = false
platform = "*"
python-versions = ">=2.7, !=3.0.*, !=3.1.*, !=3.2.*, !=3.3.*"
version = "0.6.8"

[package.dependencies]
pastel = ">=0.1.0,<0.2.0"
pylev = ">=1.3,<2.0"

[[package]]
category = "main"
description = "Composable command line interface toolkit"
name = "click"
optional = false
platform = "*"
python-versions = ">=2.7, !=3.0.*, !=3.1.*, !=3.2.*, !=3.3.*"
version = "7.0"

[[package]]
category = "main"
description = "Extends click.Group to invoke a command without explicit subcommand name"
name = "click-default-group"
optional = false
platform = "any"
python-versions = "*"
version = "1.2"

[package.dependencies]
click = "*"

[[package]]
category = "dev"
description = "Minimal bindings to GitHub's fork of cmark"
name = "cmarkgfm"
optional = false
platform = "*"
python-versions = "*"
version = "0.4.2"

[package.dependencies]
cffi = ">=1.0.0"

[[package]]
category = "dev"
description = "Cross-platform colored terminal text."
name = "colorama"
optional = false
platform = "UNKNOWN"
python-versions = "*"
version = "0.3.9"

[package.requirements]
platform = "win32"

[[package]]
category = "main"
description = "Symbolic constants in Python"
name = "constantly"
optional = false
platform = "UNKNOWN"
python-versions = "*"
version = "15.1.0"

[[package]]
category = "dev"
description = "Code coverage measurement for Python"
name = "coverage"
optional = false
platform = "*"
python-versions = ">=2.6, !=3.0.*, !=3.1.*, !=3.2.*, <4"
version = "4.5.1"

[[package]]
category = "dev"
description = "Docutils -- Python Documentation Utilities"
name = "docutils"
optional = false
platform = "OS-independent"
python-versions = "*"
version = "0.14"

[[package]]
category = "dev"
description = "the modular source code checker: pep8, pyflakes and co"
name = "flake8"
optional = false
platform = "UNKNOWN"
python-versions = "*"
version = "2.5.5"

[package.dependencies]
mccabe = ">=0.2.1,<0.5"
pep8 = ">=1.5.7,<1.6.0 || >1.6.0,<1.6.1 || >1.6.1,<1.6.2 || >1.6.2"
pyflakes = ">=0.8.1,<1.1"

[[package]]
category = "dev"
description = "Clean single-source support for Python 3 and 2"
name = "future"
optional = false
platform = "UNKNOWN"
python-versions = "*"
version = "0.16.0"

[[package]]
category = "dev"
description = "HTML parser based on the WHATWG HTML specification"
name = "html5lib"
optional = false
platform = "*"
python-versions = "*"
version = "1.0.1"

[package.dependencies]
six = ">=1.9"
webencodings = "*"

[[package]]
category = "main"
description = "A featureful, immutable, and correct URL for Python."
name = "hyperlink"
optional = false
platform = "any"
python-versions = "*"
version = "18.0.0"

[package.dependencies]
idna = ">=2.5"

[[package]]
category = "dev"
description = "A library for property based testing"
name = "hypothesis"
optional = false
platform = "*"
python-versions = ">=2.7, !=3.0.*, !=3.1.*, !=3.2.*, !=3.3.*"
version = "3.73.3"

[package.dependencies]
attrs = ">=16.0.0"

[[package]]
category = "main"
description = "Internationalized Domain Names in Applications (IDNA)"
name = "idna"
optional = false
platform = "*"
python-versions = "*"
version = "2.7"

[[package]]
category = "dev"
description = "Patch ssl.match_hostname for Unicode(idna) domains support"
name = "idna-ssl"
optional = false
platform = "*"
python-versions = "*"
version = "1.1.0"

[package.dependencies]
idna = ">=2.0"

[package.requirements]
python = "<3.7"

[[package]]
category = "main"
description = ""
name = "incremental"
optional = false
platform = "*"
python-versions = "*"
version = "17.5.0"

[[package]]
category = "dev"
description = "A Python utility / library to sort Python imports."
name = "isort"
optional = false
platform = "*"
python-versions = ">=2.7, !=3.0.*, !=3.1.*, !=3.2.*, !=3.3.*"
version = "4.3.4"

[[package]]
category = "dev"
description = "An autocompletion tool for Python that can be used for text editors."
name = "jedi"
optional = false
platform = "any"
python-versions = ">=2.7, !=3.0.*, !=3.1.*, !=3.2.*"
version = "0.12.1"

[package.dependencies]
parso = ">=0.3.0"

[[package]]
category = "dev"
description = "An implementation of JSON Schema validation for Python"
name = "jsonschema"
optional = false
platform = "*"
python-versions = "*"
version = "2.6.0"

[[package]]
category = "dev"
description = "A fast and thorough lazy object proxy."
name = "lazy-object-proxy"
optional = false
platform = "*"
python-versions = "*"
version = "1.3.1"

[[package]]
category = "dev"
description = "McCabe checker, plugin for flake8"
name = "mccabe"
optional = false
platform = "UNKNOWN"
python-versions = "*"
version = "0.4.0"

[[package]]
category = "dev"
description = "More routines for operating on iterables, beyond itertools"
name = "more-itertools"
optional = false
platform = "*"
python-versions = "*"
version = "4.3.0"

[package.dependencies]
six = ">=1.0.0,<2.0.0"

[[package]]
category = "dev"
description = "MessagePack (de)serializer."
name = "msgpack"
optional = false
platform = "*"
python-versions = "*"
version = "0.5.6"

[[package]]
category = "dev"
description = "multidict implementation"
name = "multidict"
optional = false
platform = "*"
python-versions = ">=3.4.1"
version = "4.4.2"

[[package]]
category = "main"
description = "A Python Parser"
name = "parso"
optional = false
platform = "any"
python-versions = "*"
version = "0.3.1"

[[package]]
category = "dev"
description = "Bring colors to your terminal."
name = "pastel"
optional = false
platform = "UNKNOWN"
python-versions = "*"
version = "0.1.0"

[[package]]
category = "dev"
description = "Python style guide checker"
name = "pep8"
optional = false
platform = "*"
python-versions = "*"
version = "1.7.1"

[[package]]
category = "dev"
description = "Query metadatdata from sdists / bdists / installed packages."
name = "pkginfo"
optional = false
platform = "Unix"
python-versions = "*"
version = "1.4.2"

[[package]]
category = "dev"
description = "plugin and hook calling mechanisms for python"
name = "pluggy"
optional = false
platform = "unix"
python-versions = ">=2.7, !=3.0.*, !=3.1.*, !=3.2.*, !=3.3.*"
version = "0.7.1"

[[package]]
category = "dev"
description = "Python dependency management and packaging made easy."
name = "poetry"
optional = false
platform = "*"
python-versions = ">=2.7, !=3.0.*, !=3.1.*, !=3.2.*, !=3.3.*"
version = "0.11.5"

[package.dependencies]
cachecontrol = ">=0.12.4,<0.13.0"
cachy = ">=0.2,<0.3"
cleo = ">=0.6.7,<0.7.0"
html5lib = ">=1.0,<2.0"
jsonschema = ">=2.6,<3.0"
pkginfo = ">=1.4,<2.0"
pyparsing = ">=2.2,<3.0"
pyrsistent = ">=0.14.2,<0.15.0"
requests = ">=2.18,<3.0"
requests-toolbelt = ">=0.8.0,<0.9.0"
shellingham = ">=1.1,<2.0"
tomlkit = ">=0.4.4,<0.5.0"

[[package]]
category = "dev"
description = "library with cross-python path, ini-parsing, io, code, log facilities"
name = "py"
optional = false
platform = "unix"
python-versions = ">=2.7, !=3.0.*, !=3.1.*, !=3.2.*, !=3.3.*"
version = "1.6.0"

[[package]]
category = "dev"
description = "Python style guide checker"
name = "pycodestyle"
optional = false
platform = "*"
python-versions = "*"
version = "2.4.0"

[[package]]
category = "dev"
description = "C parser in Python"
name = "pycparser"
optional = false
platform = "Cross Platform"
python-versions = "*"
version = "2.19"

[[package]]
category = "dev"
description = "passive checker of Python programs"
name = "pyflakes"
optional = false
platform = "UNKNOWN"
python-versions = "*"
version = "1.0.0"

[[package]]
category = "dev"
description = "Pygments is a syntax highlighting package written in Python."
name = "pygments"
optional = false
platform = "any"
python-versions = "*"
version = "2.2.0"

[[package]]
category = "main"
description = "Hamcrest framework for matcher objects"
name = "pyhamcrest"
optional = false
platform = "All"
python-versions = "*"
version = "1.9.0"

[package.dependencies]
setuptools = "*"
six = "*"

[[package]]
category = "dev"
description = "A pure Python Levenshtein implementation that's not freaking GPL'd."
name = "pylev"
optional = false
platform = "UNKNOWN"
python-versions = "*"
version = "1.3.0"

[[package]]
category = "dev"
description = "python code static checker"
name = "pylint"
optional = false
platform = "*"
python-versions = ">=3.4.*"
version = "2.1.1"

[package.dependencies]
astroid = ">=2.0.0"
isort = ">=4.2.5"
mccabe = "*"

[package.dependencies.colorama]
platform = "win32"
version = "*"

[[package]]
category = "dev"
description = "Python parsing module"
name = "pyparsing"
optional = false
platform = "*"
python-versions = ">=2.6, !=3.0.*, !=3.1.*, !=3.2.*"
version = "2.2.1"

[[package]]
category = "dev"
description = "Persistent/Functional/Immutable data structures"
name = "pyrsistent"
optional = false
platform = "*"
python-versions = "*"
version = "0.14.4"

[package.dependencies]
six = "*"

[[package]]
category = "dev"
description = "pytest: simple powerful testing with Python"
name = "pytest"
optional = false
platform = "unix"
python-versions = ">=2.7, !=3.0.*, !=3.1.*, !=3.2.*, !=3.3.*"
version = "3.8.1"

[package.dependencies]
atomicwrites = ">=1.0"
attrs = ">=17.4.0"
more-itertools = ">=4.0.0"
pluggy = ">=0.7"
py = ">=1.5.0"
setuptools = "*"
six = ">=1.10.0"

[package.dependencies.colorama]
platform = "win32"
version = "*"

[[package]]
category = "dev"
description = "readme_renderer is a library for rendering \"readme\" descriptions for Warehouse"
name = "readme-renderer"
optional = false
platform = "*"
python-versions = "*"
version = "22.0"

[package.dependencies]
Pygments = "*"
bleach = ">=2.1.0"
cmarkgfm = ">=0.2.0"
docutils = ">=0.13.1"
future = "*"
six = "*"

[[package]]
category = "dev"
description = "Python HTTP for Humans."
name = "requests"
optional = false
platform = "*"
python-versions = ">=2.6, !=3.0.*, !=3.1.*, !=3.2.*, !=3.3.*"
version = "2.19.1"

[package.dependencies]
certifi = ">=2017.4.17"
chardet = ">=3.0.2,<3.1.0"
idna = ">=2.5,<2.8"
urllib3 = ">=1.21.1,<1.24"

[[package]]
category = "dev"
description = "A utility belt for advanced users of python-requests"
name = "requests-toolbelt"
optional = false
platform = "*"
python-versions = "*"
version = "0.8.0"

[package.dependencies]
requests = ">=2.0.1,<3.0.0"

[[package]]
category = "dev"
description = "Tool to Detect Surrounding Shell"
name = "shellingham"
optional = false
platform = "*"
python-versions = ">=2.6,!=3.0,!=3.1,!=3.2,!=3.3"
version = "1.2.6"

[[package]]
category = "main"
description = "Python 2 and 3 compatibility utilities"
name = "six"
optional = false
platform = "*"
python-versions = "*"
version = "1.11.0"

[[package]]
category = "dev"
description = "Style preserving TOML library"
name = "tomlkit"
optional = false
platform = "*"
python-versions = ">=2.7, !=3.0.*, !=3.1.*, !=3.2.*, !=3.3.*"
version = "0.4.4"

[[package]]
category = "main"
description = "List processing tools and functional utilities"
name = "toolz"
optional = false
platform = "*"
python-versions = "*"
version = "0.9.0"

[[package]]
category = "dev"
description = "Fast, Extensible Progress Meter"
name = "tqdm"
optional = false
platform = "any"
python-versions = ">=2.6, !=3.0.*, !=3.1.*"
version = "4.26.0"

[[package]]
category = "dev"
description = "A requests-like API built on top of twisted.web's Agent"
name = "treq"
optional = false
platform = "*"
python-versions = "*"
version = "18.6.0"

[package.dependencies]
Twisted = ">=16.4.0"
attrs = "*"
incremental = "*"
requests = ">=2.1.0"
six = "*"

[[package]]
category = "dev"
description = "Collection of utilities for publishing packages on PyPI"
name = "twine"
optional = false
platform = "*"
python-versions = "*"
version = "1.12.1"

[package.dependencies]
pkginfo = ">=1.4.2"
readme-renderer = ">=21.0"
requests = ">=2.5.0,<2.15 || >2.15,<2.16 || >2.16"
requests-toolbelt = ">=0.8.0"
setuptools = ">=0.7.0"
tqdm = ">=4.14"

[[package]]
category = "main"
description = "An asynchronous networking framework written in Python"
name = "twisted"
optional = false
platform = "*"
python-versions = "*"
version = "18.7.0"

[package.dependencies]
Automat = ">=0.3.0"
PyHamcrest = ">=1.9.0"
attrs = ">=17.4.0"
constantly = ">=15.1"
hyperlink = ">=17.1.1"
incremental = ">=16.10.1"
"zope.interface" = ">=4.4.2"

[[package]]
category = "dev"
description = "a fork of Python 2 and 3 ast modules with type comment support"
name = "typed-ast"
optional = false
platform = "POSIX"
python-versions = "*"
version = "1.1.0"

[package.requirements]
python = "<3.7"

[[package]]
category = "dev"
description = "HTTP library with thread-safe connection pooling, file post, and more."
name = "urllib3"
optional = false
platform = "*"
python-versions = ">=2.6, !=3.0.*, !=3.1.*, !=3.2.*, !=3.3.*, <4"
version = "1.23"

[[package]]
category = "dev"
description = "Find dead code"
name = "vulture"
optional = false
platform = "*"
python-versions = "*"
version = "0.29"

[[package]]
category = "dev"
description = "Character encoding aliases for legacy web content"
name = "webencodings"
optional = false
platform = "*"
python-versions = "*"
version = "0.5.1"

[[package]]
category = "dev"
description = "Module for decorators, wrappers and monkey patching."
name = "wrapt"
optional = false
platform = "*"
python-versions = "*"
version = "1.10.11"

[[package]]
category = "dev"
description = "A formatter for Python code."
name = "yapf"
optional = false
platform = "*"
python-versions = "*"
version = "0.24.0"

[[package]]
category = "dev"
description = "Yet another URL library"
name = "yarl"
optional = false
platform = "*"
python-versions = ">=3.5.3"
version = "1.2.6"

[package.dependencies]
idna = ">=2.0"
multidict = ">=4.0"

[[package]]
category = "main"
description = "Interfaces for Python"
name = "zope.interface"
optional = false
platform = "*"
python-versions = ">=2.7, !=3.0.*, !=3.1.*, !=3.2.*, !=3.3.*"
version = "4.5.0"

[package.dependencies]
setuptools = "*"

[metadata]
content-hash = "c89d2248dbd24aabbb75a842b16a861ed8036e3b4e7082a738c12a8b21641a9c"
platform = "*"
python-versions = "^3.6"

[metadata.hashes]
aiohttp = ["0419705a36b43c0ac6f15469f9c2a08cad5c939d78bd12a5c23ea167c8253b2b", "1812fc4bc6ac1bde007daa05d2d0f61199324e0cc893b11523e646595047ca08", "2214b5c0153f45256d5d52d1e0cafe53f9905ed035a142191727a5fb620c03dd", "275909137f0c92c61ba6bb1af856a522d5546f1de8ea01e4e726321c697754ac", "3983611922b561868428ea1e7269e757803713f55b53502423decc509fef1650", "51afec6ffa50a9da4cdef188971a802beb1ca8e8edb40fa429e5e529db3475fa", "589f2ec8a101a0f340453ee6945bdfea8e1cd84c8d88e5be08716c34c0799d95", "789820ddc65e1f5e71516adaca2e9022498fa5a837c79ba9c692a9f8f916c330", "7a968a0bdaaf9abacc260911775611c9a602214a23aeb846f2eb2eeaa350c4dc", "7aeefbed253f59ea39e70c5848de42ed85cb941165357fc7e87ab5d8f1f9592b", "7b2eb55c66512405103485bd7d285a839d53e7fdc261ab20e5bcc51d7aaff5de", "87bc95d3d333bb689c8d755b4a9d7095a2356108002149523dfc8e607d5d32a4", "9d80e40db208e29168d3723d1440ecbb06054d349c5ece6a2c5a611490830dd7", "a1b442195c2a77d33e4dbee67c9877ccbdd3a1f686f91eb479a9577ed8cc326b", "ab3d769413b322d6092f169f316f7b21cd261a7589f7e31db779d5731b0480d8", "b066d3dec5d0f5aee6e34e5765095dc3d6d78ef9839640141a2b20816a0642bd", "b24e7845ae8de3e388ef4bcfcf7f96b05f52c8e633b33cf8003a6b1d726fc7c2", "c59a953c3f8524a7c86eaeaef5bf702555be12f5668f6384149fe4bb75c52698", "cf2cc6c2c10d242790412bea7ccf73726a9a44b4c4b073d2699ef3b48971fd95", "e0c9c8d4150ae904f308ff27b35446990d2b1dfc944702a21925937e937394c6", "f1839db4c2b08a9c8f9788112644f8a8557e8e0ecc77b07091afabb941dc55d0", "f3df52362be39908f9c028a65490fae0475e4898b43a03d8aa29d1e765b45e07"]
astroid = ["292fa429e69d60e4161e7612cb7cc8fa3609e2e309f80c224d93a76d5e7b58be", "c7013d119ec95eb626f7a2011f0b63d0c9a095df9ad06d8507b37084eada1a8d"]
async-timeout = ["474d4bc64cee20603e225eb1ece15e248962958b45a3648a9f5cc29e827a610c", "b3c0ddc416736619bd4a95ca31de8da6920c3b9a140c64dbef2b2fa7bf521287"]
atomicwrites = ["0312ad34fcad8fac3704d441f7b317e50af620823353ec657a53e981f92920c0", "ec9ae8adaae229e4f8446952d204a3e4b5fdd2d099f9be3aaf556120135fb3ee"]
attrs = ["10cbf6e27dbce8c30807caf056c8eb50917e0eaafe86347671b57254006c3e69", "ca4be454458f9dec299268d472aaa5a11f67a4ff70093396e1ceae9c76cf4bbb"]
automat = ["cbd78b83fa2d81fe2a4d23d258e1661dd7493c9a50ee2f1a5b2cac61c1793b0e", "fdccab66b68498af9ecfa1fa43693abe546014dd25cf28543cbe9d1334916a58"]
autopep8 = ["655e3ee8b4545be6cfed18985f581ee9ecc74a232550ee46e9797b6fbf4f336d"]
bleach = ["0ee95f6167129859c5dce9b1ca291ebdb5d8cd7e382ca0e237dfd0dad63f63d8", "24754b9a7d530bf30ce7cbc805bc6cce785660b4a10ff3a43633728438c105ab"]
bump2version = ["185abfd0d8321ec5059424d8b670aa82f7385948ff7ddd986981b4ed04dc819a"]
cachecontrol = ["cef77effdf51b43178f6a2d3b787e3734f98ade253fa3187f3bb7315aaa42ff7"]
cachy = ["b71513e5a38ce90c1280c02b7d8d6bb3fdf64666c9cc0584f2479afea097d56c", "b71e8e7ddb5b386e23e81befdfac8a93885406139b8681bedc17b3444fcb8fca"]
certifi = ["376690d6f16d32f9d1fe8932551d80b23e9d393a8578c5633a2ed39a64861638", "456048c7e371c089d0a77a5212fb37a2c2dce1e24146e3b7e0261736aaeaa22a"]
cffi = ["151b7eefd035c56b2b2e1eb9963c90c6302dc15fbd8c1c0a83a163ff2c7d7743", "1553d1e99f035ace1c0544050622b7bc963374a00c467edafac50ad7bd276aef", "1b0493c091a1898f1136e3f4f991a784437fac3673780ff9de3bcf46c80b6b50", "2ba8a45822b7aee805ab49abfe7eec16b90587f7f26df20c71dd89e45a97076f", "3bb6bd7266598f318063e584378b8e27c67de998a43362e8fce664c54ee52d30", "3c85641778460581c42924384f5e68076d724ceac0f267d66c757f7535069c93", "3eb6434197633b7748cea30bf0ba9f66727cdce45117a712b29a443943733257", "495c5c2d43bf6cebe0178eb3e88f9c4aa48d8934aa6e3cddb865c058da76756b", "4c91af6e967c2015729d3e69c2e51d92f9898c330d6a851bf8f121236f3defd3", "57b2533356cb2d8fac1555815929f7f5f14d68ac77b085d2326b571310f34f6e", "770f3782b31f50b68627e22f91cb182c48c47c02eb405fd689472aa7b7aa16dc", "79f9b6f7c46ae1f8ded75f68cf8ad50e5729ed4d590c74840471fc2823457d04", "7a33145e04d44ce95bcd71e522b478d282ad0eafaf34fe1ec5bbd73e662f22b6", "857959354ae3a6fa3da6651b966d13b0a8bed6bbc87a0de7b38a549db1d2a359", "87f37fe5130574ff76c17cab61e7d2538a16f843bb7bca8ebbc4b12de3078596", "95d5251e4b5ca00061f9d9f3d6fe537247e145a8524ae9fd30a2f8fbce993b5b", "9d1d3e63a4afdc29bd76ce6aa9d58c771cd1599fbba8cf5057e7860b203710dd", "a36c5c154f9d42ec176e6e620cb0dd275744aa1d804786a71ac37dc3661a5e95", "a6a5cb8809091ec9ac03edde9304b3ad82ad4466333432b16d78ef40e0cce0d5", "ae5e35a2c189d397b91034642cb0eab0e346f776ec2eb44a49a459e6615d6e2e", "b0f7d4a3df8f06cf49f9f121bead236e328074de6449866515cea4907bbc63d6", "b75110fb114fa366b29a027d0c9be3709579602ae111ff61674d28c93606acca", "ba5e697569f84b13640c9e193170e89c13c6244c24400fc57e88724ef610cd31", "be2a9b390f77fd7676d80bc3cdc4f8edb940d8c198ed2d8c0be1319018c778e1", "ca1bd81f40adc59011f58159e4aa6445fc585a32bb8ac9badf7a2c1aa23822f2", "d5d8555d9bfc3f02385c1c37e9f998e2011f0db4f90e250e5bc0c0a85a813085", "e55e22ac0a30023426564b1059b035973ec82186ddddbac867078435801c7801", "e90f17980e6ab0f3c2f3730e56d1fe9bcba1891eeea58966e89d352492cc74f4", "ecbb7b01409e9b782df5ded849c178a0aa7c906cf8c5a67368047daab282b184", "ed01918d545a38998bfa5902c7c00e0fee90e957ce036a4000a88e3fe2264917", "edabd457cd23a02965166026fd9bfd196f4324fe6032e866d0f3bd0301cd486f", "fdf1c1dc5bafc32bc5d08b054f94d659422b05aba244d6be4ddc1c72d9aa70fb"]
chardet = ["84ab92ed1c4d4f16916e05906b6b75a6c0fb5db821cc65e70cbd64a3e2a5eaae", "fc323ffcaeaed0e0a02bf4d117757b98aed530d9ed4531e3e15460124c106691"]
cleo = ["85a63076b72ca376fb06668be1fc7758dc16740b394783d5cc65200c4b32f71b", "9b7f79f1aa470a025c0d28c76aa225ee9e65028d32f80032e871aa3500df61b8"]
click = ["2335065e6395b9e67ca716de5f7526736bfa6ceead690adf616d925bdc622b13", "5b94b49521f6456670fdb30cd82a4eca9412788a93fa6dd6df72c94d5a8ff2d7"]
click-default-group = ["ba8c43d9c384e1ea7127484c5fc8f4e1ca759519a64fff10718d53f4b82c412a"]
cmarkgfm = ["0186dccca79483e3405217993b83b914ba4559fe9a8396efc4eea56561b74061", "1a625afc6f62da428df96ec325dc30866cc5781520cbd904ff4ec44cf018171c", "207b7673ff4e177374c572feeae0e4ef33be620ec9171c08fd22e2b796e03e3d", "275905bb371a99285c74931700db3f0c078e7603bed383e8cf1a09f3ee05a3de", "50098f1c4950722521f0671e54139e0edc1837d63c990cf0f3d2c49607bb51a2", "50ed116d0b60a07df0dc7b180c28569064b9d37d1578d4c9021cff04d725cb63", "61a72def110eed903cd1848245897bcb80d295cd9d13944d4f9f30cba5b76655", "64186fb75d973a06df0e6ea12879533b71f6e7ba1ab01ffee7fc3e7534758889", "665303d34d7f14f10d7b0651082f25ebf7107f29ef3d699490cac16cdc0fc8ce", "70b18f843aec58e4e64aadce48a897fe7c50426718b7753aaee399e72df64190", "761ee7b04d1caee2931344ac6bfebf37102ffb203b136b676b0a71a3f0ea3c87", "811527e9b7280b136734ed6cb6845e5fbccaeaa132ddf45f0246cbe544016957", "987b0e157f70c72a84f3c2f9ef2d7ab0f26c08f2bf326c12c087ff9eebcb3ff5", "9fc6a2183d0a9b0974ec7cdcdad42bd78a3be674cc3e65f87dd694419b3b0ab7", "a3d17ee4ae739fe16f7501a52255c2e287ac817cfd88565b9859f70520afffea", "ba5b5488719c0f2ced0aa1986376f7baff1a1653a8eb5fdfcf3f84c7ce46ef8d", "c573ea89dd95d41b6d8cf36799c34b6d5b1eac4aed0212dee0f0a11fb7b01e8f", "c5f1b9e8592d2c448c44e6bc0d91224b16ea5f8293908b1561de1f6d2d0658b1", "cbe581456357d8f0674d6a590b1aaf46c11d01dd0a23af147a51a798c3818034", "cf219bec69e601fe27e3974b7307d2f06082ab385d42752738ad2eb630a47d65", "cf5014eb214d814a83a7a47407272d5db10b719dbeaf4d3cfe5969309d0fcf4b", "d08bad67fa18f7e8ff738c090628ee0cbf0505d74a991c848d6d04abfe67b697", "d6f716d7b1182bf35862b5065112f933f43dd1aa4f8097c9bcfb246f71528a34", "e08e479102627641c7cb4ece421c6ed4124820b1758765db32201136762282d9", "e20ac21418af0298437d29599f7851915497ce9f2866bc8e86b084d8911ee061", "e25f53c37e319241b9a412382140dffac98ca756ba8f360ac7ab5e30cad9670a", "e8932bddf159064f04e946fbb64693753488de21586f20e840b3be51745c8c09", "f20900f16377f2109783ae9348d34bc80530808439591c3d3df73d5c7ef1a00c"]
colorama = ["463f8483208e921368c9f306094eb6f725c6ca42b0f97e313cb5d5512459feda", "48eb22f4f8461b1df5734a074b57042430fb06e1d61bd1e11b078c0fe6d7a1f1"]
constantly = ["586372eb92059873e29eba4f9dec8381541b4d3834660707faf8ba59146dfc35", "dd2fa9d6b1a51a83f0d7dd76293d734046aa176e384bf6e33b7e44880eb37c5d"]
coverage = ["03481e81d558d30d230bc12999e3edffe392d244349a90f4ef9b88425fac74ba", "0b136648de27201056c1869a6c0d4e23f464750fd9a9ba9750b8336a244429ed", "104ab3934abaf5be871a583541e8829d6c19ce7bde2923b2751e0d3ca44db60a", "10a46017fef60e16694a30627319f38a2b9b52e90182dddb6e37dcdab0f4bf95", "15b111b6a0f46ee1a485414a52a7ad1d703bdf984e9ed3c288a4414d3871dcbd", "198626739a79b09fa0a2f06e083ffd12eb55449b5f8bfdbeed1df4910b2ca640", "1c383d2ef13ade2acc636556fd544dba6e14fa30755f26812f54300e401f98f2", "23d341cdd4a0371820eb2b0bd6b88f5003a7438bbedb33688cd33b8eae59affd", "28b2191e7283f4f3568962e373b47ef7f0392993bb6660d079c62bd50fe9d162", "2a5b73210bad5279ddb558d9a2bfedc7f4bf6ad7f3c988641d83c40293deaec1", "2eb564bbf7816a9d68dd3369a510be3327f1c618d2357fa6b1216994c2e3d508", "337ded681dd2ef9ca04ef5d93cfc87e52e09db2594c296b4a0a3662cb1b41249", "3a2184c6d797a125dca8367878d3b9a178b6fdd05fdc2d35d758c3006a1cd694", "3c79a6f7b95751cdebcd9037e4d06f8d5a9b60e4ed0cd231342aa8ad7124882a", "3d72c20bd105022d29b14a7d628462ebdc61de2f303322c0212a054352f3b287", "3eb42bf89a6be7deb64116dd1cc4b08171734d721e7a7e57ad64cc4ef29ed2f1", "4635a184d0bbe537aa185a34193898eee409332a8ccb27eea36f262566585000", "56e448f051a201c5ebbaa86a5efd0ca90d327204d8b059ab25ad0f35fbfd79f1", "5a13ea7911ff5e1796b6d5e4fbbf6952381a611209b736d48e675c2756f3f74e", "69bf008a06b76619d3c3f3b1983f5145c75a305a0fea513aca094cae5c40a8f5", "6bc583dc18d5979dc0f6cec26a8603129de0304d5ae1f17e57a12834e7235062", "701cd6093d63e6b8ad7009d8a92425428bc4d6e7ab8d75efbb665c806c1d79ba", "7608a3dd5d73cb06c531b8925e0ef8d3de31fed2544a7de6c63960a1e73ea4bc", "76ecd006d1d8f739430ec50cc872889af1f9c1b6b8f48e29941814b09b0fd3cc", "7aa36d2b844a3e4a4b356708d79fd2c260281a7390d678a10b91ca595ddc9e99", "7d3f553904b0c5c016d1dad058a7554c7ac4c91a789fca496e7d8347ad040653", "7e1fe19bd6dce69d9fd159d8e4a80a8f52101380d5d3a4d374b6d3eae0e5de9c", "8c3cb8c35ec4d9506979b4cf90ee9918bc2e49f84189d9bf5c36c0c1119c6558", "9d6dd10d49e01571bf6e147d3b505141ffc093a06756c60b053a859cb2128b1f", "9e112fcbe0148a6fa4f0a02e8d58e94470fc6cb82a5481618fea901699bf34c4", "ac4fef68da01116a5c117eba4dd46f2e06847a497de5ed1d64bb99a5fda1ef91", "b8815995e050764c8610dbc82641807d196927c3dbed207f0a079833ffcf588d", "be6cfcd8053d13f5f5eeb284aa8a814220c3da1b0078fa859011c7fffd86dab9", "c1bb572fab8208c400adaf06a8133ac0712179a334c09224fb11393e920abcdd", "de4418dadaa1c01d497e539210cb6baa015965526ff5afc078c57ca69160108d", "e05cb4d9aad6233d67e0541caa7e511fa4047ed7750ec2510d466e806e0255d6", "e4d96c07229f58cb686120f168276e434660e4358cc9cf3b0464210b04913e77", "f3f501f345f24383c0000395b26b726e46758b71393267aeae0bd36f8b3ade80", "f8a923a85cb099422ad5a2e345fe877bbc89a8a8b23235824a93488150e45f6e"]
docutils = ["02aec4bd92ab067f6ff27a38a38a41173bf01bed8f89157768c1573f53e474a6", "51e64ef2ebfb29cae1faa133b3710143496eca21c530f3f71424d77687764274", "7a4bd47eaf6596e1295ecb11361139febe29b084a87bf005bf899f9a42edc3c6"]
flake8 = ["326a54ace7878a5ad1538110f2145bc6a134df43fff290475fd4e7ba38a6deea", "80a66cd9bd66b0679da030fc930c0a4d09237dd72f354d899427b5c6718223b9"]
future = ["e39ced1ab767b5936646cedba8bcce582398233d6a627067d4c6a454c90cfedb"]
html5lib = ["20b159aa3badc9d5ee8f5c647e5efd02ed2a66ab8d354930bd9ff139fc1dc0a3", "66cb0dcfdbbc4f9c3ba1a63fdb511ffdbd4f513b2b6d81b80cd26ce6b3fb3736"]
hyperlink = ["98da4218a56b448c7ec7d2655cb339af1f7d751cf541469bb4fc28c4a4245b34", "f01b4ff744f14bc5d0a22a6b9f1525ab7d6312cb0ff967f59414bbac52f0a306"]
hypothesis = ["10d0d433abcbdc4d4aed882f3caa453eef4cb8d1011c96eebea75b131f450a83", "2531fdd1d0040ba81edfac296940dc20a0069661026ab62d4876a0f9063c09b2", "e775553c3597abd3fce1bc46afc0b958ff95c1bf96d704a2f1068167475b2d1b"]
idna = ["156a6814fb5ac1fc6850fb002e0852d56c0c8d2531923a51032d1b70760e186e", "684a38a6f903c1d71d6d5fac066b58d7768af4de2b832e426ec79c30daa94a16"]
idna-ssl = ["a933e3bb13da54383f9e8f35dc4f9cb9eb9b3b78c6b36f311254d6d0d92c6c7c"]
incremental = ["717e12246dddf231a349175f48d74d93e2897244939173b01974ab6661406b9f", "7b751696aaf36eebfab537e458929e194460051ccad279c72b755a167eebd4b3"]
isort = ["1153601da39a25b14ddc54955dbbacbb6b2d19135386699e2ad58517953b34af", "b9c40e9750f3d77e6e4d441d8b0266cf555e7cdabdcff33c4fd06366ca761ef8", "ec9ef8f4a9bc6f71eec99e1806bfa2de401650d996c59330782b89a5555c1497"]
jedi = ["b409ed0f6913a701ed474a614a3bb46e6953639033e31f769ca7581da5bd1ec1", "c254b135fb39ad76e78d4d8f92765ebc9bf92cbc76f49e97ade1d5f5121e1f6f"]
jsonschema = ["000e68abd33c972a5248544925a0cae7d1125f9bf6c58280d37546b946769a08", "6ff5f3180870836cae40f06fa10419f557208175f13ad7bc26caa77beb1f6e02"]
lazy-object-proxy = ["0ce34342b419bd8f018e6666bfef729aec3edf62345a53b537a4dcc115746a33", "1b668120716eb7ee21d8a38815e5eb3bb8211117d9a90b0f8e21722c0758cc39", "209615b0fe4624d79e50220ce3310ca1a9445fd8e6d3572a896e7f9146bbf019", "27bf62cb2b1a2068d443ff7097ee33393f8483b570b475db8ebf7e1cba64f088", "27ea6fd1c02dcc78172a82fc37fcc0992a94e4cecf53cb6d73f11749825bd98b", "2c1b21b44ac9beb0fc848d3993924147ba45c4ebc24be19825e57aabbe74a99e", "2df72ab12046a3496a92476020a1a0abf78b2a7db9ff4dc2036b8dd980203ae6", "320ffd3de9699d3892048baee45ebfbbf9388a7d65d832d7e580243ade426d2b", "50e3b9a464d5d08cc5227413db0d1c4707b6172e4d4d915c1c70e4de0bbff1f5", "5276db7ff62bb7b52f77f1f51ed58850e315154249aceb42e7f4c611f0f847ff", "61a6cf00dcb1a7f0c773ed4acc509cb636af2d6337a08f362413c76b2b47a8dd", "6ae6c4cb59f199d8827c5a07546b2ab7e85d262acaccaacd49b62f53f7c456f7", "7661d401d60d8bf15bb5da39e4dd72f5d764c5aff5a86ef52a042506e3e970ff", "7bd527f36a605c914efca5d3d014170b2cb184723e423d26b1fb2fd9108e264d", "7cb54db3535c8686ea12e9535eb087d32421184eacc6939ef15ef50f83a5e7e2", "7f3a2d740291f7f2c111d86a1c4851b70fb000a6c8883a59660d95ad57b9df35", "81304b7d8e9c824d058087dcb89144842c8e0dea6d281c031f59f0acf66963d4", "933947e8b4fbe617a51528b09851685138b49d511af0b6c0da2539115d6d4514", "94223d7f060301b3a8c09c9b3bc3294b56b2188e7d8179c762a1cda72c979252", "ab3ca49afcb47058393b0122428358d2fbe0408cf99f1b58b295cfeb4ed39109", "bd6292f565ca46dee4e737ebcc20742e3b5be2b01556dafe169f6c65d088875f", "cb924aa3e4a3fb644d0c463cad5bc2572649a6a3f68a7f8e4fbe44aaa6d77e4c", "d0fc7a286feac9077ec52a927fc9fe8fe2fabab95426722be4c953c9a8bede92", "ddc34786490a6e4ec0a855d401034cbd1242ef186c20d79d2166d6a4bd449577", "e34b155e36fa9da7e1b7c738ed7767fc9491a62ec6af70fe9da4a057759edc2d", "e5b9e8f6bda48460b7b143c3821b21b452cb3a835e6bbd5dd33aa0c8d3f5137d", "e81ebf6c5ee9684be8f2c87563880f93eedd56dd2b6146d8a725b50b7e5adb0f", "eb91be369f945f10d3a49f5f9be8b3d0b93a4c2be8f8a5b83b0571b8123e0a7a", "f460d1ceb0e4a5dcb2a652db0904224f367c9b3c1470d5a7683c0480e582468b"]
mccabe = ["9a2b12ebd876e77c72e41ebf401cc2e7c5b566649d50105ca49822688642207b", "cbc2938f6c01061bc6d21d0c838c2489664755cb18676f0734d7617f4577d09e"]
more-itertools = ["c187a73da93e7a8acc0001572aebc7e3c69daf7bf6881a2cea10650bd4420092", "c476b5d3a34e12d40130bc2f935028b5f636df8f372dc2c1c01dc19681b2039e", "fcbfeaea0be121980e15bc97b3817b5202ca73d0eae185b4550cbfce2a3ebb3d"]
msgpack = ["0b3b1773d2693c70598585a34ca2715873ba899565f0a7c9a1545baef7e7fbdc", "0bae5d1538c5c6a75642f75a1781f3ac2275d744a92af1a453c150da3446138b", "0ee8c8c85aa651be3aa0cd005b5931769eaa658c948ce79428766f1bd46ae2c3", "1369f9edba9500c7a6489b70fdfac773e925342f4531f1e3d4c20ac3173b1ae0", "22d9c929d1d539f37da3d1b0e16270fa9d46107beab8c0d4d2bddffffe895cee", "2ff43e3247a1e11d544017bb26f580a68306cec7a6257d8818893c1fda665f42", "31a98047355d34d047fcdb55b09cb19f633cf214c705a765bd745456c142130c", "8767eb0032732c3a0da92cbec5ac186ef89a3258c6edca09161472ca0206c45f", "8acc8910218555044e23826980b950e96685dc48124a290c86f6f41a296ea172", "ab189a6365be1860a5ecf8159c248f12d33f79ea799ae9695fa6a29896dcf1d4", "cfd6535feb0f1cf1c7cdb25773e965cc9f92928244a8c3ef6f8f8a8e1f7ae5c4", "e274cd4480d8c76ec467a85a9c6635bbf2258f0649040560382ab58cabb44bcf", "f86642d60dca13e93260187d56c2bef2487aa4d574a669e8ceefcf9f4c26fd00", "f8a57cbda46a94ed0db55b73e6ab0c15e78b4ede8690fa491a0e55128d552bb0", "fcea97a352416afcbccd7af9625159d80704a25c519c251c734527329bb20d0e"]
multidict = ["05eeab69bf2b0664644c62bd92fabb045163e5b8d4376a31dfb52ce0210ced7b", "0c85880efa7cadb18e3b5eef0aa075dc9c0a3064cbbaef2e20be264b9cf47a64", "136f5a4a6a4adeacc4dc820b8b22f0a378fb74f326e259c54d1817639d1d40a0", "14906ad3347c7d03e9101749b16611cf2028547716d0840838d3c5e2b3b0f2d3", "1ade4a3b71b1bf9e90c5f3d034a87fe4949c087ef1f6cd727fdd766fe8bbd121", "22939a00a511a59f9ecc0158b8db728afef57975ce3782b3a265a319d05b9b12", "2b86b02d872bc5ba5b3a4530f6a7ba0b541458ab4f7c1429a12ac326231203f7", "3c11e92c3dfc321014e22fb442bc9eb70e01af30d6ce442026b0c35723448c66", "4ba3bd26f282b201fdbce351f1c5d17ceb224cbedb73d6e96e6ce391b354aacc", "4c6e78d042e93751f60672989efbd6a6bc54213ed7ff695fff82784bbb9ea035", "4d80d1901b89cc935a6cf5b9fd89df66565272722fe2e5473168927a9937e0ca", "4fcf71d33178a00cc34a57b29f5dab1734b9ce0f1c97fb34666deefac6f92037", "52f7670b41d4b4d97866ebc38121de8bcb9813128b7c4942b07794d08193c0ab", "5368e2b7649a26b7253c6c9e53241248aab9da49099442f5be238fde436f18c9", "5bb65fbb48999044938f0c0508e929b14a9b8bf4939d8263e9ea6691f7b54663", "60672bb5577472800fcca1ac9dae232d1461db9f20f055184be8ce54b0052572", "669e9be6d148fc0283f53e17dd140cde4dc7c87edac8319147edd5aa2a830771", "6a0b7a804e8d1716aa2c72e73210b48be83d25ba9ec5cf52cf91122285707bb1", "79034ea3da3cf2a815e3e52afdc1f6c1894468c98bdce5d2546fa2342585497f", "79247feeef6abcc11137ad17922e865052f23447152059402fc320f99ff544bb", "81671c2049e6bf42c7fd11a060f8bc58f58b7b3d6f3f951fc0b15e376a6a5a98", "82ac4a5cb56cc9280d4ae52c2d2ebcd6e0668dd0f9ef17f0a9d7c82bd61e24fa", "9436267dbbaa49dad18fbbb54f85386b0f5818d055e7b8e01d219661b6745279", "94e4140bb1343115a1afd6d84ebf8fca5fb7bfb50e1c2cbd6f2fb5d3117ef102", "a2cab366eae8a0ffe0813fd8e335cf0d6b9bb6c5227315f53bb457519b811537", "a596019c3eafb1b0ae07db9f55a08578b43c79adb1fe1ab1fd818430ae59ee6f", "e8848ae3cd6a784c29fae5055028bee9bffcc704d8bcad09bd46b42b44a833e2", "e8a048bfd7d5a280f27527d11449a509ddedf08b58a09a24314828631c099306", "f6dd28a0ac60e2426a6918f36f1b4e2620fc785a0de7654cd206ba842eee57fd"]
parso = ["35704a43a3c113cce4de228ddb39aab374b8004f4f2407d070b6a2ca784ce8a2", "895c63e93b94ac1e1690f5fdd40b65f07c8171e3e53cbd7793b5b96c0e0a7f24"]
pastel = ["3108af417ec0fa6d0a620e676ec4f02c839ca13e10611586e5d2174b46aa0bc3", "d1fee8079534f99f1805a044fef946d23eee6d6a7cd34292c30e6c16be9a80b9"]
pep8 = ["b22cfae5db09833bb9bd7c8463b53e1a9c9b39f12e304a8d0bba729c501827ee", "fe249b52e20498e59e0b5c5256aa52ee99fc295b26ec9eaa85776ffdb9fe6374"]
pkginfo = ["5878d542a4b3f237e359926384f1dde4e099c9f5525d236b1840cf704fa8d474", "a39076cb3eb34c333a0dd390b568e9e1e881c7bf2cc0aee12120636816f55aee"]
pluggy = ["6e3836e39f4d36ae72840833db137f7b7d35105079aee6ec4a62d9f80d594dd1", "95eb8364a4708392bae89035f45341871286a333f749c3141c20573d2b3876e1"]
poetry = ["652c39a11b50159a59073e8374399df55b71ab962b0b2dc396dd76c6fa61ebae", "6bb73a26117575cbf5533070045ed378b07b4e18cfcf20ca8cd33d94b10ab0b1"]
py = ["06a30435d058473046be836d3fc4f27167fd84c45b99704f2fb5509ef61f9af1", "50402e9d1c9005d759426988a492e0edaadb7f4e68bcddfea586bc7432d009c6"]
pycodestyle = ["74abc4e221d393ea5ce1f129ea6903209940c1ecd29e002e8c6933c2b21026e0", "cbc619d09254895b0d12c2c691e237b2e91e9b2ecf5e84c26b35400f93dcfb83", "cbfca99bd594a10f674d0cd97a3d802a1fdef635d4361e1a2658de47ed261e3a"]
pycparser = ["a988718abfad80b6b157acce7bf130a30876d27603738ac39f140993246b25b3"]
pyflakes = ["071d121e9e7b33058aa1ba5de7bce9b97bfa3149cfe1acbb6587c21fc1c8eda1", "f39e33a4c03beead8774f005bd3ecf0c3f2f264fa0201de965fce0aff1d34263"]
pygments = ["78f3f434bcc5d6ee09020f92ba487f95ba50f1e3ef83ae96b9d5ffa1bab25c5d", "dbae1046def0efb574852fab9e90209b23f556367b5a320c0bcb871c77c3e8cc"]
pyhamcrest = ["6b672c02fdf7470df9674ab82263841ce8333fb143f32f021f6cb26f0e512420", "7a4bdade0ed98c699d728191a058a60a44d2f9c213c51e2dd1e6fb42f2c6128a", "8ffaa0a53da57e89de14ced7185ac746227a8894dbd5a3c718bf05ddbd1d56cd", "bac0bea7358666ce52e3c6c85139632ed89f115e9af52d44b3c36e0bf8cf16a9", "f30e9a310bcc1808de817a92e95169ffd16b60cbc5a016a49c8d0e8ababfae79"]
pylev = ["063910098161199b81e453025653ec53556c1be7165a9b7c50be2f4d57eae1c3", "1d29a87beb45ebe1e821e7a3b10da2b6b2f4c79b43f482c2df1a1f748a6e114e"]
pylint = ["1d6d3622c94b4887115fe5204982eee66fdd8a951cf98635ee5caee6ec98c3ec", "31142f764d2a7cd41df5196f9933b12b7ee55e73ef12204b648ad7e556c119fb"]
pyparsing = ["905d8090c335314568b5faee0025b1829f27bb974604a5762a6cdef3a7dfc3b7", "f493ee323be1e94929416b3585eefcc04943115cecbaaa35a8c86d1a2368af19"]
pyrsistent = ["4024f838472cba9ea1ccbc638e0bcafec2efda28594a9905177ec365f1a95fea"]
pytest = ["0a72d8a9f559c006ba153e0c9b4838efd7b656cf1f993747ba7128770d6eb12c", "95529588ff4e85114a0b0ad8e9cf0131ca47d46b28230e25366c5aba66b1d854"]
readme-renderer = ["237ca8705ffea849870de41101dba41543561da05c0ae45b2f1c547efa9843d2", "f75049a3a7afa57165551e030dd8f9882ebf688b9600535a3f7e23596651875d"]
requests = ["63b52e3c866428a224f97cab011de738c36aec0185aa91cfacd418b5d58911d1", "ec22d826a36ed72a7358ff3fe56cbd4ba69dd7a6718ffd450ff0e9df7a47ce6a"]
requests-toolbelt = ["42c9c170abc2cacb78b8ab23ac957945c7716249206f90874651971a4acff237", "f6a531936c6fa4c6cfce1b9c10d5c4f498d16528d2a54a22ca00011205a187b5"]
shellingham = ["52e8047d76abf52edbdf1ffed8cd46cab4dbef4f71a1baa1085afdaa272cef83", "58e4a0f5fecd7b73e097f2ac5d924e81cc1161e2ce760d5aed07ee2f87923074"]
six = ["70e8a77beed4562e7f14fe23a786b54f6296e34344c23bc42f07b15018ff98e9", "832dc0e10feb1aa2c68dcc57dbb658f1c7e65b9b61af69048abc87a2db00a0eb"]
tomlkit = ["8ab16e93162fc44d3ad83d2aa29a7140b8f7d996ae1790a73b9a7aed6fb504ac", "ca181cee7aee805d455628f7c94eb8ae814763769a93e69157f250fe4ebe1926"]
toolz = ["929f0a7ea7f61c178bd951bdae93920515d3fbdbafc8e6caf82d752b9b3b31c9"]
tqdm = ["18f1818ce951aeb9ea162ae1098b43f583f7d057b34d706f66939353d1208889", "df02c0650160986bac0218bb07952245fc6960d23654648b5d5526ad5a4128c9"]
treq = ["91e09ff6b524cc90aa5e934b909c8d0d1a9d36ebd618b6c38e37b17013e69f48", "b936621beee3af98eca6dd74e0a8f939d8163c50714466a4994d22983a713ec2"]
twine = ["7d89bc6acafb31d124e6e5b295ef26ac77030bf098960c2a4c4e058335827c5c", "fad6f1251195f7ddd1460cb76d6ea106c93adb4e56c41e0da79658e56e547d2c"]
twisted = ["5de7b79b26aee64efe63319bb8f037af88c21287d1502b39706c818065b3d5a4", "95ae985716e8107816d8d0df249d558dbaabb677987cc2ace45272c166b267e4"]
typed-ast = ["0948004fa228ae071054f5208840a1e88747a357ec1101c17217bfe99b299d58", "10703d3cec8dcd9eef5a630a04056bbc898abc19bac5691612acba7d1325b66d", "1f6c4bd0bdc0f14246fd41262df7dfc018d65bb05f6e16390b7ea26ca454a291", "25d8feefe27eb0303b73545416b13d108c6067b846b543738a25ff304824ed9a", "29464a177d56e4e055b5f7b629935af7f49c196be47528cc94e0a7bf83fbc2b9", "2e214b72168ea0275efd6c884b114ab42e316de3ffa125b267e732ed2abda892", "3e0d5e48e3a23e9a4d1a9f698e32a542a4a288c871d33ed8df1b092a40f3a0f9", "519425deca5c2b2bdac49f77b2c5625781abbaf9a809d727d3a5596b30bb4ded", "57fe287f0cdd9ceaf69e7b71a2e94a24b5d268b35df251a88fef5cc241bf73aa", "668d0cec391d9aed1c6a388b0d5b97cd22e6073eaa5fbaa6d2946603b4871efe", "68ba70684990f59497680ff90d18e756a47bf4863c604098f10de9716b2c0bdd", "6de012d2b166fe7a4cdf505eee3aaa12192f7ba365beeefaca4ec10e31241a85", "79b91ebe5a28d349b6d0d323023350133e927b4de5b651a8aa2db69c761420c6", "8550177fa5d4c1f09b5e5f524411c44633c80ec69b24e0e98906dd761941ca46", "898f818399cafcdb93cbbe15fc83a33d05f18e29fb498ddc09b0214cdfc7cd51", "94b091dc0f19291adcb279a108f5d38de2430411068b219f41b343c03b28fb1f", "a26863198902cda15ab4503991e8cf1ca874219e0118cbf07c126bce7c4db129", "a8034021801bc0440f2e027c354b4eafd95891b573e12ff0418dec385c76785c", "bc978ac17468fe868ee589c795d06777f75496b1ed576d308002c8a5756fb9ea", "c05b41bc1deade9f90ddc5d988fe506208019ebba9f2578c622516fd201f5863", "c9b060bd1e5a26ab6e8267fd46fc9e02b54eb15fffb16d112d4c7b1c12987559", "edb04bdd45bfd76c8292c4d9654568efaedf76fe78eb246dde69bdb13b2dad87", "f19f2a4f547505fe9072e15f6f4ae714af51b5a681a97f187971f50c283193b6"]
urllib3 = ["a68ac5e15e76e7e5dd2b8f94007233e01effe3e50e8daddf69acfd81cb686baf", "b5725a0bd4ba422ab0e66e89e030c806576753ea3ee08554382c14e685d117b5"]
vulture = ["79c89ef5e3f2365467bcf491f425f777ae8fd157584dcc550d4591920b00fe3f", "e794345a19c76f93f48f4519653038df90ad468ddea7912e14b07a07f6412e32"]
webencodings = ["a0af1213f3c2226497a97e2b3aa01a7e4bee4f403f95be16fc9acd2947514a78", "b36a1c245f2d304965eb4e0a82848379241dc04b865afcc4aab16748587e1923"]
wrapt = ["d4d560d479f2c21e1b5443bbd15fe7ec4b37fe7e53d335d3b9b0a7b1226fe3c6"]
yapf = ["b96815bd0bbd2ab290f2ae9e610756940b17a0523ef2f6b2d31da749fc395137", "cebb6faf35c9027c08996c07831b8971f3d67c0eb615269f66dfd7e6815fdc2a"]
yarl = ["2556b779125621b311844a072e0ed367e8409a18fa12cbd68eb1258d187820f9", "4aec0769f1799a9d4496827292c02a7b1f75c0bab56ab2b60dd94ebb57cbd5ee", "55369d95afaacf2fa6b49c84d18b51f1704a6560c432a0f9a1aeb23f7b971308", "6c098b85442c8fe3303e708bbb775afd0f6b29f77612e8892627bcab4b939357", "9182cd6f93412d32e009020a44d6d170d2093646464a88aeec2aef50592f8c78", "c8cbc21bbfa1dd7d5386d48cc814fe3d35b80f60299cdde9279046f399c3b0d8", "db6f70a4b09cde813a4807843abaaa60f3b15fb4a2a06f9ae9c311472662daa1", "f17495e6fe3d377e3faac68121caef6f974fcb9e046bc075bcff40d8e5cc69a4", "f85900b9cca0c67767bb61b2b9bd53208aaa7373dae633dbe25d179b4bf38aa7"]
"zope.interface" = ["21506674d30c009271fe68a242d330c83b1b9d76d62d03d87e1e9528c61beea6", "3d184aff0756c44fff7de69eb4cd5b5311b6f452d4de28cb08343b3f21993763", "467d364b24cb398f76ad5e90398d71b9325eb4232be9e8a50d6a3b3c7a1c8789", "57c38470d9f57e37afb460c399eb254e7193ac7fb8042bd09bdc001981a9c74c", "9ada83f4384bbb12dedc152bcdd46a3ac9f5f7720d43ac3ce3e8e8b91d733c10", "a1daf9c5120f3cc6f2b5fef8e1d2a3fb7bbbb20ed4bfdc25bc8364bc62dcf54b", "e6b77ae84f2b8502d99a7855fa33334a1eb6159de45626905cb3e454c023f339", "e881ef610ff48aece2f4ee2af03d2db1a146dc7c705561bd6089b2356f61641f", "f41037260deaacb875db250021fe883bf536bf6414a4fd25b25059b02e31b120"]
